
Microsoft Visual Studio Solution File, Format Version 12.00
# Visual Studio Version 16
VisualStudioVersion = 16.0.31105.61
MinimumVisualStudioVersion = 10.0.40219.1
Project("{8BC9CEB8-8B4A-11D0-8D11-00A0C91BC942}") = "Mod_Ed_Engine", "A_Cruel_Angel_Engine\A_Cruel_Angel_Engine.vcxproj", "{D3C36E51-529D-4EF0-99F8-E988F41DD87C}"
EndProject
Project("{8BC9CEB8-8B4A-11D0-8D11-00A0C91BC942}") = "Default_renderer", "Default_renderer\Default_renderer.vcxproj", "{073D56D8-A750-4256-940E-F86EFD8AACF2}"
	ProjectSection(ProjectDependencies) = postProject
		{D3C36E51-529D-4EF0-99F8-E988F41DD87C} = {D3C36E51-529D-4EF0-99F8-E988F41DD87C}
	EndProjectSection
EndProject
Project("{8BC9CEB8-8B4A-11D0-8D11-00A0C91BC942}") = "Basic_Renderer", "Basic_Renderer\Basic_Renderer.vcxproj", "{C3FF2FE0-093E-4A6E-A3A6-F6CB423962D3}"
	ProjectSection(ProjectDependencies) = postProject
		{D3C36E51-529D-4EF0-99F8-E988F41DD87C} = {D3C36E51-529D-4EF0-99F8-E988F41DD87C}
	EndProjectSection
EndProject
Project("{8BC9CEB8-8B4A-11D0-8D11-00A0C91BC942}") = "TestDelEngine", "TestDelEngine\TestDelEngine.vcxproj", "{E1869337-A83B-4B6E-AEDF-35CA376575F7}"
EndProject
Project("{8BC9CEB8-8B4A-11D0-8D11-00A0C91BC942}") = "Basic_Input", "Basic_Input\Basic_Input.vcxproj", "{9698F35B-9F12-4D9A-A589-21A4B91F25D9}"
EndProject
Global
	GlobalSection(SolutionConfigurationPlatforms) = preSolution
		Debug|x64 = Debug|x64
		Debug|x86 = Debug|x86
		Release|x64 = Release|x64
		Release|x86 = Release|x86
	EndGlobalSection
	GlobalSection(ProjectConfigurationPlatforms) = postSolution
		{D3C36E51-529D-4EF0-99F8-E988F41DD87C}.Debug|x64.ActiveCfg = Debug|x64
		{D3C36E51-529D-4EF0-99F8-E988F41DD87C}.Debug|x64.Build.0 = Debug|x64
		{D3C36E51-529D-4EF0-99F8-E988F41DD87C}.Debug|x86.ActiveCfg = Debug|Win32
		{D3C36E51-529D-4EF0-99F8-E988F41DD87C}.Debug|x86.Build.0 = Debug|Win32
		{D3C36E51-529D-4EF0-99F8-E988F41DD87C}.Release|x64.ActiveCfg = Release|x64
		{D3C36E51-529D-4EF0-99F8-E988F41DD87C}.Release|x64.Build.0 = Release|x64
		{D3C36E51-529D-4EF0-99F8-E988F41DD87C}.Release|x86.ActiveCfg = Release|Win32
		{D3C36E51-529D-4EF0-99F8-E988F41DD87C}.Release|x86.Build.0 = Release|Win32
		{073D56D8-A750-4256-940E-F86EFD8AACF2}.Debug|x64.ActiveCfg = Debug|x64
		{073D56D8-A750-4256-940E-F86EFD8AACF2}.Debug|x64.Build.0 = Debug|x64
		{073D56D8-A750-4256-940E-F86EFD8AACF2}.Debug|x86.ActiveCfg = Debug|Win32
		{073D56D8-A750-4256-940E-F86EFD8AACF2}.Debug|x86.Build.0 = Debug|Win32
		{073D56D8-A750-4256-940E-F86EFD8AACF2}.Release|x64.ActiveCfg = Release|x64
		{073D56D8-A750-4256-940E-F86EFD8AACF2}.Release|x64.Build.0 = Release|x64
		{073D56D8-A750-4256-940E-F86EFD8AACF2}.Release|x86.ActiveCfg = Release|Win32
		{073D56D8-A750-4256-940E-F86EFD8AACF2}.Release|x86.Build.0 = Release|Win32
		{C3FF2FE0-093E-4A6E-A3A6-F6CB423962D3}.Debug|x64.ActiveCfg = Debug|x64
		{C3FF2FE0-093E-4A6E-A3A6-F6CB423962D3}.Debug|x64.Build.0 = Debug|x64
		{C3FF2FE0-093E-4A6E-A3A6-F6CB423962D3}.Debug|x86.ActiveCfg = Debug|Win32
		{C3FF2FE0-093E-4A6E-A3A6-F6CB423962D3}.Debug|x86.Build.0 = Debug|Win32
		{C3FF2FE0-093E-4A6E-A3A6-F6CB423962D3}.Release|x64.ActiveCfg = Release|x64
		{C3FF2FE0-093E-4A6E-A3A6-F6CB423962D3}.Release|x64.Build.0 = Release|x64
		{C3FF2FE0-093E-4A6E-A3A6-F6CB423962D3}.Release|x86.ActiveCfg = Release|Win32
		{C3FF2FE0-093E-4A6E-A3A6-F6CB423962D3}.Release|x86.Build.0 = Release|Win32
		{E1869337-A83B-4B6E-AEDF-35CA376575F7}.Debug|x64.ActiveCfg = Debug|x64
		{E1869337-A83B-4B6E-AEDF-35CA376575F7}.Debug|x64.Build.0 = Debug|x64
		{E1869337-A83B-4B6E-AEDF-35CA376575F7}.Debug|x86.ActiveCfg = Debug|Win32
		{E1869337-A83B-4B6E-AEDF-35CA376575F7}.Debug|x86.Build.0 = Debug|Win32
		{E1869337-A83B-4B6E-AEDF-35CA376575F7}.Release|x64.ActiveCfg = Release|x64
		{E1869337-A83B-4B6E-AEDF-35CA376575F7}.Release|x64.Build.0 = Release|x64
		{E1869337-A83B-4B6E-AEDF-35CA376575F7}.Release|x86.ActiveCfg = Release|Win32
		{E1869337-A83B-4B6E-AEDF-35CA376575F7}.Release|x86.Build.0 = Release|Win32
		{9698F35B-9F12-4D9A-A589-21A4B91F25D9}.Debug|x64.ActiveCfg = Debug|x64
		{9698F35B-9F12-4D9A-A589-21A4B91F25D9}.Debug|x64.Build.0 = Debug|x64
		{9698F35B-9F12-4D9A-A589-21A4B91F25D9}.Debug|x86.ActiveCfg = Debug|Win32
		{9698F35B-9F12-4D9A-A589-21A4B91F25D9}.Debug|x86.Build.0 = Debug|Win32
		{9698F35B-9F12-4D9A-A589-21A4B91F25D9}.Release|x64.ActiveCfg = Release|x64
		{9698F35B-9F12-4D9A-A589-21A4B91F25D9}.Release|x64.Build.0 = Release|x64
		{9698F35B-9F12-4D9A-A589-21A4B91F25D9}.Release|x86.ActiveCfg = Release|Win32
		{9698F35B-9F12-4D9A-A589-21A4B91F25D9}.Release|x86.Build.0 = Release|Win32
	EndGlobalSection
	GlobalSection(SolutionProperties) = preSolution
		HideSolutionNode = FALSE
	EndGlobalSection
	GlobalSection(ExtensibilityGlobals) = postSolution
		SolutionGuid = {211CC995-77B9-4BDA-9816-D0D4A7F1FBDE}
	EndGlobalSection
EndGlobal
