
Microsoft Visual Studio Solution File, Format Version 12.00
# Visual Studio Version 16
Project("{8BC9CEB8-8B4A-11D0-8D11-00A0C91BC942}") = "MEE", "MEE\MEE.vcxproj", "{9C03880B-080D-887C-9188-9E7CFD90937C}"
EndProject
Project("{2150E333-8FDC-42A3-9474-1A3956D46DE8}") = "Basic_Modules", "Basic_Modules", "{0687A0FB-72E8-7D09-FB55-C4BB67B6B4C8}"
EndProject
Project("{8BC9CEB8-8B4A-11D0-8D11-00A0C91BC942}") = "Basic_Input", "Basic_Input\Basic_Input.vcxproj", "{B660FFB7-2216-78AD-AB0A-728417BF6EB1}"
EndProject
Project("{8BC9CEB8-8B4A-11D0-8D11-00A0C91BC942}") = "Basic_Physics", "Basic_Physics\Basic_Physics.vcxproj", "{E9BDD4C2-557E-50F9-1EB9-99768A3895D5}"
EndProject
Project("{8BC9CEB8-8B4A-11D0-8D11-00A0C91BC942}") = "Basic_Renderer", "Basic_Renderer\Basic_Renderer.vcxproj", "{FD4C47F4-E91A-3BFA-D2AE-AB20BE1B175F}"
EndProject
Global
	GlobalSection(SolutionConfigurationPlatforms) = preSolution
		Debug|x64 = Debug|x64
		Release|x64 = Release|x64
	EndGlobalSection
	GlobalSection(ProjectConfigurationPlatforms) = postSolution
		{9C03880B-080D-887C-9188-9E7CFD90937C}.Debug|x64.ActiveCfg = Debug|x64
		{9C03880B-080D-887C-9188-9E7CFD90937C}.Debug|x64.Build.0 = Debug|x64
		{9C03880B-080D-887C-9188-9E7CFD90937C}.Release|x64.ActiveCfg = Release|x64
		{9C03880B-080D-887C-9188-9E7CFD90937C}.Release|x64.Build.0 = Release|x64
		{B660FFB7-2216-78AD-AB0A-728417BF6EB1}.Debug|x64.ActiveCfg = Debug|x64
		{B660FFB7-2216-78AD-AB0A-728417BF6EB1}.Debug|x64.Build.0 = Debug|x64
		{B660FFB7-2216-78AD-AB0A-728417BF6EB1}.Release|x64.ActiveCfg = Release|x64
		{B660FFB7-2216-78AD-AB0A-728417BF6EB1}.Release|x64.Build.0 = Release|x64
		{E9BDD4C2-557E-50F9-1EB9-99768A3895D5}.Debug|x64.ActiveCfg = Debug|x64
		{E9BDD4C2-557E-50F9-1EB9-99768A3895D5}.Debug|x64.Build.0 = Debug|x64
		{E9BDD4C2-557E-50F9-1EB9-99768A3895D5}.Release|x64.ActiveCfg = Release|x64
		{E9BDD4C2-557E-50F9-1EB9-99768A3895D5}.Release|x64.Build.0 = Release|x64
		{FD4C47F4-E91A-3BFA-D2AE-AB20BE1B175F}.Debug|x64.ActiveCfg = Debug|x64
		{FD4C47F4-E91A-3BFA-D2AE-AB20BE1B175F}.Debug|x64.Build.0 = Debug|x64
		{FD4C47F4-E91A-3BFA-D2AE-AB20BE1B175F}.Release|x64.ActiveCfg = Release|x64
		{FD4C47F4-E91A-3BFA-D2AE-AB20BE1B175F}.Release|x64.Build.0 = Release|x64
	EndGlobalSection
	GlobalSection(SolutionProperties) = preSolution
		HideSolutionNode = FALSE
	EndGlobalSection
	GlobalSection(NestedProjects) = preSolution
		{B660FFB7-2216-78AD-AB0A-728417BF6EB1} = {0687A0FB-72E8-7D09-FB55-C4BB67B6B4C8}
		{E9BDD4C2-557E-50F9-1EB9-99768A3895D5} = {0687A0FB-72E8-7D09-FB55-C4BB67B6B4C8}
		{FD4C47F4-E91A-3BFA-D2AE-AB20BE1B175F} = {0687A0FB-72E8-7D09-FB55-C4BB67B6B4C8}
	EndGlobalSection
EndGlobal
