<?xml version="1.0" encoding="utf-8"?>
<Project ToolsVersion="4.0" xmlns="http://schemas.microsoft.com/developer/msbuild/2003">
  <ItemGroup>
    <Filter Include="include">
      <UniqueIdentifier>{89AF369E-F58E-B539-FEA6-40106A051C9B}</UniqueIdentifier>
    </Filter>
    <Filter Include="src">
      <UniqueIdentifier>{2DAB880B-99B4-887C-2230-9F7C8E38947C}</UniqueIdentifier>
    </Filter>
  </ItemGroup>
  <ItemGroup>
    <ClInclude Include="include\Basic_Physics.h">
      <Filter>include</Filter>
    </ClInclude>
    <ClInclude Include="include\BoxCollider.h">
      <Filter>include</Filter>
    </ClInclude>
    <ClInclude Include="include\BoxContactListener.h">
      <Filter>include</Filter>
    </ClInclude>
    <ClInclude Include="include\DebugDraw.h">
      <Filter>include</Filter>
    </ClInclude>
  </ItemGroup>
  <ItemGroup>
    <ClCompile Include="src\Basic_Physics.cpp">
      <Filter>src</Filter>
    </ClCompile>
    <ClCompile Include="src\BoxCollider.cpp">
      <Filter>src</Filter>
    </ClCompile>
    <ClCompile Include="src\BoxContactListener.cpp">
      <Filter>src</Filter>
    </ClCompile>
    <ClCompile Include="src\DebugDraw.cpp">
      <Filter>src</Filter>
    </ClCompile>
  </ItemGroup>
</Project>